
Microsoft Visual Studio Solution File, Format Version 12.00
# Visual Studio Version 17
VisualStudioVersion = 17.10.34928.147
MinimumVisualStudioVersion = 10.0.40219.1
Project("{FAE04EC0-301F-11D3-BF4B-00C04F79EFBC}") = "HomeWorkIndividual_Calculation", "HomeWorkIndividual_Calculation\HomeWorkIndividual_Calculation.csproj", "{546C1636-1B4D-471F-885E-5BB0AB2D56DE}"
EndProject
Global
	GlobalSection(SolutionConfigurationPlatforms) = preSolution
		Debug|Any CPU = Debug|Any CPU
		Release|Any CPU = Release|Any CPU
	EndGlobalSection
	GlobalSection(ProjectConfigurationPlatforms) = postSolution
		{546C1636-1B4D-471F-885E-5BB0AB2D56DE}.Debug|Any CPU.ActiveCfg = Debug|Any CPU
		{546C1636-1B4D-471F-885E-5BB0AB2D56DE}.Debug|Any CPU.Build.0 = Debug|Any CPU
		{546C1636-1B4D-471F-885E-5BB0AB2D56DE}.Release|Any CPU.ActiveCfg = Release|Any CPU
		{546C1636-1B4D-471F-885E-5BB0AB2D56DE}.Release|Any CPU.Build.0 = Release|Any CPU
	EndGlobalSection
	GlobalSection(SolutionProperties) = preSolution
		HideSolutionNode = FALSE
	EndGlobalSection
	GlobalSection(ExtensibilityGlobals) = postSolution
		SolutionGuid = {D6508332-0039-4133-B826-3EC3C005250F}
	EndGlobalSection
EndGlobal
